
Microsoft Visual Studio Solution File, Format Version 12.00
# Visual Studio Version 17
VisualStudioVersion = 17.1.32228.430
MinimumVisualStudioVersion = 10.0.40219.1
Project("{FAE04EC0-301F-11D3-BF4B-00C04F79EFBC}") = "RPC-Manager", "RPC-Manager.csproj", "{E7A273E7-3869-4D3D-8F64-E38F64D62183}"
EndProject
Global
	GlobalSection(SolutionConfigurationPlatforms) = preSolution
		Debug|Any CPU = Debug|Any CPU
		Release|Any CPU = Release|Any CPU
	EndGlobalSection
	GlobalSection(ProjectConfigurationPlatforms) = postSolution
		{E7A273E7-3869-4D3D-8F64-E38F64D62183}.Debug|Any CPU.ActiveCfg = Debug|Any CPU
		{E7A273E7-3869-4D3D-8F64-E38F64D62183}.Debug|Any CPU.Build.0 = Debug|Any CPU
		{E7A273E7-3869-4D3D-8F64-E38F64D62183}.Release|Any CPU.ActiveCfg = Release|Any CPU
		{E7A273E7-3869-4D3D-8F64-E38F64D62183}.Release|Any CPU.Build.0 = Release|Any CPU
	EndGlobalSection
	GlobalSection(SolutionProperties) = preSolution
		HideSolutionNode = FALSE
	EndGlobalSection
	GlobalSection(ExtensibilityGlobals) = postSolution
		SolutionGuid = {90F5EC1C-62DD-408C-8393-F8233BD223B0}
	EndGlobalSection
EndGlobal
